
Microsoft Visual Studio Solution File, Format Version 12.00
# Visual Studio Version 17
VisualStudioVersion = 17.9.34607.119
MinimumVisualStudioVersion = 10.0.40219.1
Project("{9A19103F-16F7-4668-BE54-9A1E7A4F7556}") = "Website", "Website.csproj", "{050A443E-1943-4711-A8D2-8A3D9538F32F}"
EndProject
Global
	GlobalSection(SolutionConfigurationPlatforms) = preSolution
		Debug|Any CPU = Debug|Any CPU
		Release|Any CPU = Release|Any CPU
	EndGlobalSection
	GlobalSection(ProjectConfigurationPlatforms) = postSolution
		{050A443E-1943-4711-A8D2-8A3D9538F32F}.Debug|Any CPU.ActiveCfg = Debug|Any CPU
		{050A443E-1943-4711-A8D2-8A3D9538F32F}.Debug|Any CPU.Build.0 = Debug|Any CPU
		{050A443E-1943-4711-A8D2-8A3D9538F32F}.Release|Any CPU.ActiveCfg = Release|Any CPU
		{050A443E-1943-4711-A8D2-8A3D9538F32F}.Release|Any CPU.Build.0 = Release|Any CPU
	EndGlobalSection
	GlobalSection(SolutionProperties) = preSolution
		HideSolutionNode = FALSE
	EndGlobalSection
	GlobalSection(ExtensibilityGlobals) = postSolution
		SolutionGuid = {E194B936-88BC-4979-A26D-68ADE9D42057}
	EndGlobalSection
EndGlobal
